// !$*UTF8*$!
{
	archiveVersion = 1;
	classes = {
	};
	objectVersion = 50;
	objects = {

/* Begin PBXBuildFile section */
		7F39586523AB935E0C11A62A /* Pods_PersonalList.framework in Frameworks */ = {isa = PBXBuildFile; fileRef = 4AC676BB74E7FFE702D226F0 /* Pods_PersonalList.framework */; };
		A58CC05D213E9D0B00E0DAF3 /* PersonalList.xcdatamodeld in Sources */ = {isa = PBXBuildFile; fileRef = A58CC05B213E9D0B00E0DAF3 /* PersonalList.xcdatamodeld */; };
		A58CC05F213E9D0D00E0DAF3 /* Assets.xcassets in Resources */ = {isa = PBXBuildFile; fileRef = A58CC05E213E9D0D00E0DAF3 /* Assets.xcassets */; };
		A58CC06D213E9E5500E0DAF3 /* Main.storyboard in Resources */ = {isa = PBXBuildFile; fileRef = A58CC06C213E9E5500E0DAF3 /* Main.storyboard */; };
		A58CC06F213E9E6500E0DAF3 /* LaunchScreen.storyboard in Resources */ = {isa = PBXBuildFile; fileRef = A58CC06E213E9E6500E0DAF3 /* LaunchScreen.storyboard */; };
		A58CC072213E9E9100E0DAF3 /* TodoTableViewController.swift in Sources */ = {isa = PBXBuildFile; fileRef = A58CC071213E9E9100E0DAF3 /* TodoTableViewController.swift */; };
		A58CC074213E9EB300E0DAF3 /* CategoryViewController.swift in Sources */ = {isa = PBXBuildFile; fileRef = A58CC073213E9EB300E0DAF3 /* CategoryViewController.swift */; };
		A58CC076213E9F2900E0DAF3 /* DataModel.xcdatamodel in Sources */ = {isa = PBXBuildFile; fileRef = A58CC075213E9F2900E0DAF3 /* DataModel.xcdatamodel */; };
		A58CC079213EA00D00E0DAF3 /* AppDelegate.swift in Sources */ = {isa = PBXBuildFile; fileRef = A58CC078213EA00D00E0DAF3 /* AppDelegate.swift */; };
/* End PBXBuildFile section */

/* Begin PBXFileReference section */
		4AC676BB74E7FFE702D226F0 /* Pods_PersonalList.framework */ = {isa = PBXFileReference; explicitFileType = wrapper.framework; includeInIndex = 0; path = Pods_PersonalList.framework; sourceTree = BUILT_PRODUCTS_DIR; };
		58E05AB85CAC8200CF21FDA5 /* Pods-PersonalList.debug.xcconfig */ = {isa = PBXFileReference; includeInIndex = 1; lastKnownFileType = text.xcconfig; name = "Pods-PersonalList.debug.xcconfig"; path = "Pods/Target Support Files/Pods-PersonalList/Pods-PersonalList.debug.xcconfig"; sourceTree = "<group>"; };
		73834DA50E1F5981654FEC5A /* Pods-PersonalList.release.xcconfig */ = {isa = PBXFileReference; includeInIndex = 1; lastKnownFileType = text.xcconfig; name = "Pods-PersonalList.release.xcconfig"; path = "Pods/Target Support Files/Pods-PersonalList/Pods-PersonalList.release.xcconfig"; sourceTree = "<group>"; };
		A58CC051213E9D0B00E0DAF3 /* PersonalList.app */ = {isa = PBXFileReference; explicitFileType = wrapper.application; includeInIndex = 0; path = PersonalList.app; sourceTree = BUILT_PRODUCTS_DIR; };
		A58CC05C213E9D0B00E0DAF3 /* PersonalList.xcdatamodel */ = {isa = PBXFileReference; lastKnownFileType = wrapper.xcdatamodel; path = PersonalList.xcdatamodel; sourceTree = "<group>"; };
		A58CC05E213E9D0D00E0DAF3 /* Assets.xcassets */ = {isa = PBXFileReference; lastKnownFileType = folder.assetcatalog; path = Assets.xcassets; sourceTree = "<group>"; };
		A58CC063213E9D0D00E0DAF3 /* Info.plist */ = {isa = PBXFileReference; lastKnownFileType = text.plist.xml; path = Info.plist; sourceTree = "<group>"; };
		A58CC06C213E9E5500E0DAF3 /* Main.storyboard */ = {isa = PBXFileReference; lastKnownFileType = file.storyboard; path = Main.storyboard; sourceTree = "<group>"; };
		A58CC06E213E9E6500E0DAF3 /* LaunchScreen.storyboard */ = {isa = PBXFileReference; fileEncoding = 4; lastKnownFileType = file.storyboard; path = LaunchScreen.storyboard; sourceTree = "<group>"; };
		A58CC071213E9E9100E0DAF3 /* TodoTableViewController.swift */ = {isa = PBXFileReference; lastKnownFileType = sourcecode.swift; path = TodoTableViewController.swift; sourceTree = "<group>"; };
		A58CC073213E9EB300E0DAF3 /* CategoryViewController.swift */ = {isa = PBXFileReference; lastKnownFileType = sourcecode.swift; path = CategoryViewController.swift; sourceTree = "<group>"; };
		A58CC075213E9F2900E0DAF3 /* DataModel.xcdatamodel */ = {isa = PBXFileReference; lastKnownFileType = wrapper.xcdatamodel; path = DataModel.xcdatamodel; sourceTree = "<group>"; };
		A58CC077213E9FA100E0DAF3 /* PersonalList-Bridging-Header.h */ = {isa = PBXFileReference; lastKnownFileType = sourcecode.c.h; path = "PersonalList-Bridging-Header.h"; sourceTree = "<group>"; };
		A58CC078213EA00D00E0DAF3 /* AppDelegate.swift */ = {isa = PBXFileReference; lastKnownFileType = sourcecode.swift; path = AppDelegate.swift; sourceTree = "<group>"; };
/* End PBXFileReference section */

/* Begin PBXFrameworksBuildPhase section */
		A58CC04E213E9D0B00E0DAF3 /* Frameworks */ = {
			isa = PBXFrameworksBuildPhase;
			buildActionMask = 2147483647;
			files = (
				7F39586523AB935E0C11A62A /* Pods_PersonalList.framework in Frameworks */,
			);
			runOnlyForDeploymentPostprocessing = 0;
		};
/* End PBXFrameworksBuildPhase section */

/* Begin PBXGroup section */
		13DD4529AAC8C29A158F2343 /* Frameworks */ = {
			isa = PBXGroup;
			children = (
				4AC676BB74E7FFE702D226F0 /* Pods_PersonalList.framework */,
			);
			name = Frameworks;
			sourceTree = "<group>";
		};
		A58CC048213E9D0B00E0DAF3 = {
			isa = PBXGroup;
			children = (
				A58CC053213E9D0B00E0DAF3 /* PersonalList */,
				A58CC052213E9D0B00E0DAF3 /* Products */,
				BB4F739D6E46140BDC71879B /* Pods */,
				13DD4529AAC8C29A158F2343 /* Frameworks */,
			);
			sourceTree = "<group>";
		};
		A58CC052213E9D0B00E0DAF3 /* Products */ = {
			isa = PBXGroup;
			children = (
				A58CC051213E9D0B00E0DAF3 /* PersonalList.app */,
			);
			name = Products;
			sourceTree = "<group>";
		};
		A58CC053213E9D0B00E0DAF3 /* PersonalList */ = {
			isa = PBXGroup;
			children = (
				A58CC078213EA00D00E0DAF3 /* AppDelegate.swift */,
				A58CC06B213E9DB500E0DAF3 /* Controller */,
				A58CC06A213E9DAE00E0DAF3 /* Model */,
				A58CC069213E9DA300E0DAF3 /* View */,
				A58CC05E213E9D0D00E0DAF3 /* Assets.xcassets */,
				A58CC063213E9D0D00E0DAF3 /* Info.plist */,
				A58CC05B213E9D0B00E0DAF3 /* PersonalList.xcdatamodeld */,
			);
			path = PersonalList;
			sourceTree = "<group>";
		};
		A58CC069213E9DA300E0DAF3 /* View */ = {
			isa = PBXGroup;
			children = (
				A58CC06C213E9E5500E0DAF3 /* Main.storyboard */,
				A58CC06E213E9E6500E0DAF3 /* LaunchScreen.storyboard */,
			);
			path = View;
			sourceTree = "<group>";
		};
		A58CC06A213E9DAE00E0DAF3 /* Model */ = {
			isa = PBXGroup;
			children = (
				A58CC075213E9F2900E0DAF3 /* DataModel.xcdatamodel */,
			);
			path = Model;
			sourceTree = "<group>";
		};
		A58CC06B213E9DB500E0DAF3 /* Controller */ = {
			isa = PBXGroup;
			children = (
				A58CC071213E9E9100E0DAF3 /* TodoTableViewController.swift */,
				A58CC073213E9EB300E0DAF3 /* CategoryViewController.swift */,
				A58CC077213E9FA100E0DAF3 /* PersonalList-Bridging-Header.h */,
			);
			path = Controller;
			sourceTree = "<group>";
		};
		BB4F739D6E46140BDC71879B /* Pods */ = {
			isa = PBXGroup;
			children = (
				58E05AB85CAC8200CF21FDA5 /* Pods-PersonalList.debug.xcconfig */,
				73834DA50E1F5981654FEC5A /* Pods-PersonalList.release.xcconfig */,
			);
			name = Pods;
			sourceTree = "<group>";
		};
/* End PBXGroup section */

/* Begin PBXNativeTarget section */
		A58CC050213E9D0B00E0DAF3 /* PersonalList */ = {
			isa = PBXNativeTarget;
			buildConfigurationList = A58CC066213E9D0D00E0DAF3 /* Build configuration list for PBXNativeTarget "PersonalList" */;
			buildPhases = (
				2779043FFA639BB9D99C102D /* [CP] Check Pods Manifest.lock */,
				A58CC04D213E9D0B00E0DAF3 /* Sources */,
				A58CC04E213E9D0B00E0DAF3 /* Frameworks */,
				A58CC04F213E9D0B00E0DAF3 /* Resources */,
				1C1A2CC70B7EA1704F5275AA /* [CP] Embed Pods Frameworks */,
			);
			buildRules = (
			);
			dependencies = (
			);
			name = PersonalList;
			productName = PersonalList;
			productReference = A58CC051213E9D0B00E0DAF3 /* PersonalList.app */;
			productType = "com.apple.product-type.application";
		};
/* End PBXNativeTarget section */

/* Begin PBXProject section */
		A58CC049213E9D0B00E0DAF3 /* Project object */ = {
			isa = PBXProject;
			attributes = {
				LastSwiftUpdateCheck = 0940;
				LastUpgradeCheck = 0940;
				ORGANIZATIONNAME = Metalic_archaea;
				TargetAttributes = {
					A58CC050213E9D0B00E0DAF3 = {
						CreatedOnToolsVersion = 9.4.1;
						LastSwiftMigration = 0940;
					};
				};
			};
			buildConfigurationList = A58CC04C213E9D0B00E0DAF3 /* Build configuration list for PBXProject "PersonalList" */;
			compatibilityVersion = "Xcode 9.3";
			developmentRegion = en;
			hasScannedForEncodings = 0;
			knownRegions = (
				en,
				Base,
			);
			mainGroup = A58CC048213E9D0B00E0DAF3;
			productRefGroup = A58CC052213E9D0B00E0DAF3 /* Products */;
			projectDirPath = "";
			projectRoot = "";
			targets = (
				A58CC050213E9D0B00E0DAF3 /* PersonalList */,
			);
		};
/* End PBXProject section */

/* Begin PBXResourcesBuildPhase section */
		A58CC04F213E9D0B00E0DAF3 /* Resources */ = {
			isa = PBXResourcesBuildPhase;
			buildActionMask = 2147483647;
			files = (
				A58CC06F213E9E6500E0DAF3 /* LaunchScreen.storyboard in Resources */,
				A58CC05F213E9D0D00E0DAF3 /* Assets.xcassets in Resources */,
				A58CC06D213E9E5500E0DAF3 /* Main.storyboard in Resources */,
			);
			runOnlyForDeploymentPostprocessing = 0;
		};
/* End PBXResourcesBuildPhase section */

/* Begin PBXShellScriptBuildPhase section */
		1C1A2CC70B7EA1704F5275AA /* [CP] Embed Pods Frameworks */ = {
			isa = PBXShellScriptBuildPhase;
			buildActionMask = 2147483647;
			files = (
			);
			inputPaths = (
				"${SRCROOT}/Pods/Target Support Files/Pods-PersonalList/Pods-PersonalList-frameworks.sh",
				"${BUILT_PRODUCTS_DIR}/Realm/Realm.framework",
				"${BUILT_PRODUCTS_DIR}/RealmSwift/RealmSwift.framework",
			);
			name = "[CP] Embed Pods Frameworks";
			outputPaths = (
				"${TARGET_BUILD_DIR}/${FRAMEWORKS_FOLDER_PATH}/Realm.framework",
				"${TARGET_BUILD_DIR}/${FRAMEWORKS_FOLDER_PATH}/RealmSwift.framework",
			);
			runOnlyForDeploymentPostprocessing = 0;
			shellPath = /bin/sh;
			shellScript = "\"${SRCROOT}/Pods/Target Support Files/Pods-PersonalList/Pods-PersonalList-frameworks.sh\"\n";
			showEnvVarsInLog = 0;
		};
		2779043FFA639BB9D99C102D /* [CP] Check Pods Manifest.lock */ = {
			isa = PBXShellScriptBuildPhase;
			buildActionMask = 2147483647;
			files = (
			);
			inputPaths = (
				"${PODS_PODFILE_DIR_PATH}/Podfile.lock",
				"${PODS_ROOT}/Manifest.lock",
			);
			name = "[CP] Check Pods Manifest.lock";
			outputPaths = (
				"$(DERIVED_FILE_DIR)/Pods-PersonalList-checkManifestLockResult.txt",
			);
			runOnlyForDeploymentPostprocessing = 0;
			shellPath = /bin/sh;
			shellScript = "diff \"${PODS_PODFILE_DIR_PATH}/Podfile.lock\" \"${PODS_ROOT}/Manifest.lock\" > /dev/null\nif [ $? != 0 ] ; then\n    # print error to STDERR\n    echo \"error: The sandbox is not in sync with the Podfile.lock. Run 'pod install' or update your CocoaPods installation.\" >&2\n    exit 1\nfi\n# This output is used by Xcode 'outputs' to avoid re-running this script phase.\necho \"SUCCESS\" > \"${SCRIPT_OUTPUT_FILE_0}\"\n";
			showEnvVarsInLog = 0;
		};
/* End PBXShellScriptBuildPhase section */

/* Begin PBXSourcesBuildPhase section */
		A58CC04D213E9D0B00E0DAF3 /* Sources */ = {
			isa = PBXSourcesBuildPhase;
			buildActionMask = 2147483647;
			files = (
				A58CC076213E9F2900E0DAF3 /* DataModel.xcdatamodel in Sources */,
				A58CC05D213E9D0B00E0DAF3 /* PersonalList.xcdatamodeld in Sources */,
				A58CC074213E9EB300E0DAF3 /* CategoryViewController.swift in Sources */,
				A58CC079213EA00D00E0DAF3 /* AppDelegate.swift in Sources */,
				A58CC072213E9E9100E0DAF3 /* TodoTableViewController.swift in Sources */,
			);
			runOnlyForDeploymentPostprocessing = 0;
		};
/* End PBXSourcesBuildPhase section */

/* Begin XCBuildConfiguration section */
		A58CC064213E9D0D00E0DAF3 /* Debug */ = {
			isa = XCBuildConfiguration;
			buildSettings = {
				ALWAYS_SEARCH_USER_PATHS = NO;
				CLANG_ANALYZER_NONNULL = YES;
				CLANG_ANALYZER_NUMBER_OBJECT_CONVERSION = YES_AGGRESSIVE;
				CLANG_CXX_LANGUAGE_STANDARD = "gnu++14";
				CLANG_CXX_LIBRARY = "libc++";
				CLANG_ENABLE_MODULES = YES;
				CLANG_ENABLE_OBJC_ARC = YES;
				CLANG_ENABLE_OBJC_WEAK = YES;
				CLANG_WARN_BLOCK_CAPTURE_AUTORELEASING = YES;
				CLANG_WARN_BOOL_CONVERSION = YES;
				CLANG_WARN_COMMA = YES;
				CLANG_WARN_CONSTANT_CONVERSION = YES;
				CLANG_WARN_DEPRECATED_OBJC_IMPLEMENTATIONS = YES;
				CLANG_WARN_DIRECT_OBJC_ISA_USAGE = YES_ERROR;
				CLANG_WARN_DOCUMENTATION_COMMENTS = YES;
				CLANG_WARN_EMPTY_BODY = YES;
				CLANG_WARN_ENUM_CONVERSION = YES;
				CLANG_WARN_INFINITE_RECURSION = YES;
				CLANG_WARN_INT_CONVERSION = YES;
				CLANG_WARN_NON_LITERAL_NULL_CONVERSION = YES;
				CLANG_WARN_OBJC_IMPLICIT_RETAIN_SELF = YES;
				CLANG_WARN_OBJC_LITERAL_CONVERSION = YES;
				CLANG_WARN_OBJC_ROOT_CLASS = YES_ERROR;
				CLANG_WARN_RANGE_LOOP_ANALYSIS = YES;
				CLANG_WARN_STRICT_PROTOTYPES = YES;
				CLANG_WARN_SUSPICIOUS_MOVE = YES;
				CLANG_WARN_UNGUARDED_AVAILABILITY = YES_AGGRESSIVE;
				CLANG_WARN_UNREACHABLE_CODE = YES;
				CLANG_WARN__DUPLICATE_METHOD_MATCH = YES;
				CODE_SIGN_IDENTITY = "iPhone Developer";
				COPY_PHASE_STRIP = NO;
				DEBUG_INFORMATION_FORMAT = dwarf;
				ENABLE_STRICT_OBJC_MSGSEND = YES;
				ENABLE_TESTABILITY = YES;
				GCC_C_LANGUAGE_STANDARD = gnu11;
				GCC_DYNAMIC_NO_PIC = NO;
				GCC_NO_COMMON_BLOCKS = YES;
				GCC_OPTIMIZATION_LEVEL = 0;
				GCC_PREPROCESSOR_DEFINITIONS = (
					"DEBUG=1",
					"$(inherited)",
				);
				GCC_WARN_64_TO_32_BIT_CONVERSION = YES;
				GCC_WARN_ABOUT_RETURN_TYPE = YES_ERROR;
				GCC_WARN_UNDECLARED_SELECTOR = YES;
				GCC_WARN_UNINITIALIZED_AUTOS = YES_AGGRESSIVE;
				GCC_WARN_UNUSED_FUNCTION = YES;
				GCC_WARN_UNUSED_VARIABLE = YES;
				IPHONEOS_DEPLOYMENT_TARGET = 11.4;
				MTL_ENABLE_DEBUG_INFO = YES;
				ONLY_ACTIVE_ARCH = YES;
				SDKROOT = iphoneos;
				SWIFT_ACTIVE_COMPILATION_CONDITIONS = DEBUG;
				SWIFT_OPTIMIZATION_LEVEL = "-Onone";
			};
			name = Debug;
		};
		A58CC065213E9D0D00E0DAF3 /* Release */ = {
			isa = XCBuildConfiguration;
			buildSettings = {
				ALWAYS_SEARCH_USER_PATHS = NO;
				CLANG_ANALYZER_NONNULL = YES;
				CLANG_ANALYZER_NUMBER_OBJECT_CONVERSION = YES_AGGRESSIVE;
				CLANG_CXX_LANGUAGE_STANDARD = "gnu++14";
				CLANG_CXX_LIBRARY = "libc++";
				CLANG_ENABLE_MODULES = YES;
				CLANG_ENABLE_OBJC_ARC = YES;
				CLANG_ENABLE_OBJC_WEAK = YES;
				CLANG_WARN_BLOCK_CAPTURE_AUTORELEASING = YES;
				CLANG_WARN_BOOL_CONVERSION = YES;
				CLANG_WARN_COMMA = YES;
				CLANG_WARN_CONSTANT_CONVERSION = YES;
				CLANG_WARN_DEPRECATED_OBJC_IMPLEMENTATIONS = YES;
				CLANG_WARN_DIRECT_OBJC_ISA_USAGE = YES_ERROR;
				CLANG_WARN_DOCUMENTATION_COMMENTS = YES;
				CLANG_WARN_EMPTY_BODY = YES;
				CLANG_WARN_ENUM_CONVERSION = YES;
				CLANG_WARN_INFINITE_RECURSION = YES;
				CLANG_WARN_INT_CONVERSION = YES;
				CLANG_WARN_NON_LITERAL_NULL_CONVERSION = YES;
				CLANG_WARN_OBJC_IMPLICIT_RETAIN_SELF = YES;
				CLANG_WARN_OBJC_LITERAL_CONVERSION = YES;
				CLANG_WARN_OBJC_ROOT_CLASS = YES_ERROR;
				CLANG_WARN_RANGE_LOOP_ANALYSIS = YES;
				CLANG_WARN_STRICT_PROTOTYPES = YES;
				CLANG_WARN_SUSPICIOUS_MOVE = YES;
				CLANG_WARN_UNGUARDED_AVAILABILITY = YES_AGGRESSIVE;
				CLANG_WARN_UNREACHABLE_CODE = YES;
				CLANG_WARN__DUPLICATE_METHOD_MATCH = YES;
				CODE_SIGN_IDENTITY = "iPhone Developer";
				COPY_PHASE_STRIP = NO;
				DEBUG_INFORMATION_FORMAT = "dwarf-with-dsym";
				ENABLE_NS_ASSERTIONS = NO;
				ENABLE_STRICT_OBJC_MSGSEND = YES;
				GCC_C_LANGUAGE_STANDARD = gnu11;
				GCC_NO_COMMON_BLOCKS = YES;
				GCC_WARN_64_TO_32_BIT_CONVERSION = YES;
				GCC_WARN_ABOUT_RETURN_TYPE = YES_ERROR;
				GCC_WARN_UNDECLARED_SELECTOR = YES;
				GCC_WARN_UNINITIALIZED_AUTOS = YES_AGGRESSIVE;
				GCC_WARN_UNUSED_FUNCTION = YES;
				GCC_WARN_UNUSED_VARIABLE = YES;
				IPHONEOS_DEPLOYMENT_TARGET = 11.4;
				MTL_ENABLE_DEBUG_INFO = NO;
				SDKROOT = iphoneos;
				SWIFT_COMPILATION_MODE = wholemodule;
				SWIFT_OPTIMIZATION_LEVEL = "-O";
				VALIDATE_PRODUCT = YES;
			};
			name = Release;
		};
		A58CC067213E9D0D00E0DAF3 /* Debug */ = {
			isa = XCBuildConfiguration;
			baseConfigurationReference = 58E05AB85CAC8200CF21FDA5 /* Pods-PersonalList.debug.xcconfig */;
			buildSettings = {
				ASSETCATALOG_COMPILER_APPICON_NAME = AppIcon;
				CLANG_ENABLE_MODULES = YES;
				CODE_SIGN_STYLE = Automatic;
				DEVELOPMENT_TEAM = Y5DDRAWL9G;
				INFOPLIST_FILE = PersonalList/Info.plist;
				LD_RUNPATH_SEARCH_PATHS = (
					"$(inherited)",
					"@executable_path/Frameworks",
				);
				PRODUCT_BUNDLE_IDENTIFIER = "com.metallic-archaea.PersonalList";
				PRODUCT_NAME = "$(TARGET_NAME)";
				SWIFT_OBJC_BRIDGING_HEADER = "PersonalList/Controller/PersonalList-Bridging-Header.h";
				SWIFT_OPTIMIZATION_LEVEL = "-Onone";
				SWIFT_VERSION = 4.0;
				TARGETED_DEVICE_FAMILY = "1,2";
			};
			name = Debug;
		};
		A58CC068213E9D0D00E0DAF3 /* Release */ = {
			isa = XCBuildConfiguration;
			baseConfigurationReference = 73834DA50E1F5981654FEC5A /* Pods-PersonalList.release.xcconfig */;
			buildSettings = {
				ASSETCATALOG_COMPILER_APPICON_NAME = AppIcon;
				CLANG_ENABLE_MODULES = YES;
				CODE_SIGN_STYLE = Automatic;
				DEVELOPMENT_TEAM = Y5DDRAWL9G;
				INFOPLIST_FILE = PersonalList/Info.plist;
				LD_RUNPATH_SEARCH_PATHS = (
					"$(inherited)",
					"@executable_path/Frameworks",
				);
				PRODUCT_BUNDLE_IDENTIFIER = "com.metallic-archaea.PersonalList";
				PRODUCT_NAME = "$(TARGET_NAME)";
				SWIFT_OBJC_BRIDGING_HEADER = "PersonalList/Controller/PersonalList-Bridging-Header.h";
				SWIFT_VERSION = 4.0;
				TARGETED_DEVICE_FAMILY = "1,2";
			};
			name = Release;
		};
/* End XCBuildConfiguration section */

/* Begin XCConfigurationList section */
		A58CC04C213E9D0B00E0DAF3 /* Build configuration list for PBXProject "PersonalList" */ = {
			isa = XCConfigurationList;
			buildConfigurations = (
				A58CC064213E9D0D00E0DAF3 /* Debug */,
				A58CC065213E9D0D00E0DAF3 /* Release */,
			);
			defaultConfigurationIsVisible = 0;
			defaultConfigurationName = Release;
		};
		A58CC066213E9D0D00E0DAF3 /* Build configuration list for PBXNativeTarget "PersonalList" */ = {
			isa = XCConfigurationList;
			buildConfigurations = (
				A58CC067213E9D0D00E0DAF3 /* Debug */,
				A58CC068213E9D0D00E0DAF3 /* Release */,
			);
			defaultConfigurationIsVisible = 0;
			defaultConfigurationName = Release;
		};
/* End XCConfigurationList section */

/* Begin XCVersionGroup section */
		A58CC05B213E9D0B00E0DAF3 /* PersonalList.xcdatamodeld */ = {
			isa = XCVersionGroup;
			children = (
				A58CC05C213E9D0B00E0DAF3 /* PersonalList.xcdatamodel */,
			);
			currentVersion = A58CC05C213E9D0B00E0DAF3 /* PersonalList.xcdatamodel */;
			path = PersonalList.xcdatamodeld;
			sourceTree = "<group>";
			versionGroupType = wrapper.xcdatamodel;
		};
/* End XCVersionGroup section */
	};
	rootObject = A58CC049213E9D0B00E0DAF3 /* Project object */;
}
